[[package]]
name = "asgiref"
version = "3.5.2"
description = "ASGI specs, helper code, and adapters"
category = "main"
optional = false
python-versions = ">=3.7"

[package.extras]
tests = ["pytest", "pytest-asyncio", "mypy (>=0.800)"]

[[package]]
name = "backports.zoneinfo"
version = "0.2.1"
description = "Backport of the standard library zoneinfo module"
category = "main"
optional = false
python-versions = ">=3.6"

[package.extras]
tzdata = ["tzdata"]

[[package]]
name = "certifi"
version = "2022.6.15"
description = "Python package for providing Mozilla's CA Bundle."
category = "main"
optional = false
python-versions = ">=3.6"

[[package]]
name = "charset-normalizer"
version = "2.1.0"
description = "The Real First Universal Charset Detector. Open, modern and actively maintained alternative to Chardet."
category = "main"
optional = false
python-versions = ">=3.6.0"

[package.extras]
unicode_backport = ["unicodedata2"]

[[package]]
name = "django"
version = "4.0.7"
description = "A high-level Python web framework that encourages rapid development and clean, pragmatic design."
category = "main"
optional = false
python-versions = ">=3.8"

[package.dependencies]
asgiref = ">=3.4.1,<4"
"backports.zoneinfo" = {version = "*", markers = "python_version < \"3.9\""}
sqlparse = ">=0.2.2"
tzdata = {version = "*", markers = "sys_platform == \"win32\""}

[package.extras]
bcrypt = ["bcrypt"]
argon2 = ["argon2-cffi (>=19.1.0)"]

[[package]]
name = "idna"
version = "3.3"
description = "Internationalized Domain Names in Applications (IDNA)"
category = "main"
optional = false
python-versions = ">=3.5"

[[package]]
name = "libhoney"
version = "2.1.1"
description = "Python library for sending data to Honeycomb"
category = "main"
optional = false
python-versions = ">=3.5, <4"
develop = true

[package.dependencies]
requests = "^2.24.0"
statsd = "^3.3.0"

[package.source]
type = "directory"
url = "../.."

[[package]]
name = "requests"
version = "2.28.1"
description = "Python HTTP for Humans."
category = "main"
optional = false
python-versions = ">=3.7, <4"

[package.dependencies]
certifi = ">=2017.4.17"
charset-normalizer = ">=2,<3"
idna = ">=2.5,<4"
urllib3 = ">=1.21.1,<1.27"

[package.extras]
use_chardet_on_py3 = ["chardet (>=3.0.2,<6)"]
socks = ["PySocks (>=1.5.6,!=1.5.7)"]

[[package]]
name = "sqlparse"
version = "0.4.2"
description = "A non-validating SQL parser."
category = "main"
optional = false
python-versions = ">=3.5"

[[package]]
name = "statsd"
version = "3.3.0"
description = "A simple statsd client."
category = "main"
optional = false
python-versions = "*"

[[package]]
name = "tzdata"
version = "2022.1"
description = "Provider of IANA time zone data"
category = "main"
optional = false
python-versions = ">=2"

[[package]]
name = "urllib3"
version = "1.26.10"
description = "HTTP library with thread-safe connection pooling, file post, and more."
category = "main"
optional = false
python-versions = ">=2.7, !=3.0.*, !=3.1.*, !=3.2.*, !=3.3.*, !=3.4.*, !=3.5.*, <4"

[package.extras]
brotli = ["brotlicffi (>=0.8.0)", "brotli (>=1.0.9)", "brotlipy (>=0.6.0)"]
secure = ["pyOpenSSL (>=0.14)", "cryptography (>=1.3.4)", "idna (>=2.0.0)", "certifi", "ipaddress"]
socks = ["PySocks (>=1.5.6,!=1.5.7,<2.0)"]

[metadata]
lock-version = "1.1"
python-versions = "^3.8"
content-hash = "f5821e63acd15ee51e5f37268d7f1155a9fff019e2abeb19aa5e71655ef8073f"

[metadata.files]
asgiref = [
    {file = "asgiref-3.5.2-py3-none-any.whl", hash = "sha256:1d2880b792ae8757289136f1db2b7b99100ce959b2aa57fd69dab783d05afac4"},
    {file = "asgiref-3.5.2.tar.gz", hash = "sha256:4a29362a6acebe09bf1d6640db38c1dc3d9217c68e6f9f6204d72667fc19a424"},
]
"backports.zoneinfo" = [
    {file = "backports.zoneinfo-0.2.1-cp36-cp36m-macosx_10_14_x86_64.whl", hash = "sha256:da6013fd84a690242c310d77ddb8441a559e9cb3d3d59ebac9aca1a57b2e18bc"},
    {file = "backports.zoneinfo-0.2.1-cp36-cp36m-manylinux1_i686.whl", hash = "sha256:89a48c0d158a3cc3f654da4c2de1ceba85263fafb861b98b59040a5086259722"},
    {file = "backports.zoneinfo-0.2.1-cp36-cp36m-manylinux1_x86_64.whl", hash = "sha256:1c5742112073a563c81f786e77514969acb58649bcdf6cdf0b4ed31a348d4546"},
    {file = "backports.zoneinfo-0.2.1-cp36-cp36m-win32.whl", hash = "sha256:e8236383a20872c0cdf5a62b554b27538db7fa1bbec52429d8d106effbaeca08"},
    {file = "backports.zoneinfo-0.2.1-cp36-cp36m-win_amd64.whl", hash = "sha256:8439c030a11780786a2002261569bdf362264f605dfa4d65090b64b05c9f79a7"},
    {file = "backports.zoneinfo-0.2.1-cp37-cp37m-macosx_10_14_x86_64.whl", hash = "sha256:f04e857b59d9d1ccc39ce2da1021d196e47234873820cbeaad210724b1ee28ac"},
    {file = "backports.zoneinfo-0.2.1-cp37-cp37m-manylinux1_i686.whl", hash = "sha256:17746bd546106fa389c51dbea67c8b7c8f0d14b5526a579ca6ccf5ed72c526cf"},
    {file = "backports.zoneinfo-0.2.1-cp37-cp37m-manylinux1_x86_64.whl", hash = "sha256:5c144945a7752ca544b4b78c8c41544cdfaf9786f25fe5ffb10e838e19a27570"},
    {file = "backports.zoneinfo-0.2.1-cp37-cp37m-win32.whl", hash = "sha256:e55b384612d93be96506932a786bbcde5a2db7a9e6a4bb4bffe8b733f5b9036b"},
    {file = "backports.zoneinfo-0.2.1-cp37-cp37m-win_amd64.whl", hash = "sha256:a76b38c52400b762e48131494ba26be363491ac4f9a04c1b7e92483d169f6582"},
    {file = "backports.zoneinfo-0.2.1-cp38-cp38-macosx_10_14_x86_64.whl", hash = "sha256:8961c0f32cd0336fb8e8ead11a1f8cd99ec07145ec2931122faaac1c8f7fd987"},
    {file = "backports.zoneinfo-0.2.1-cp38-cp38-manylinux1_i686.whl", hash = "sha256:e81b76cace8eda1fca50e345242ba977f9be6ae3945af8d46326d776b4cf78d1"},
    {file = "backports.zoneinfo-0.2.1-cp38-cp38-manylinux1_x86_64.whl", hash = "sha256:7b0a64cda4145548fed9efc10322770f929b944ce5cee6c0dfe0c87bf4c0c8c9"},
    {file = "backports.zoneinfo-0.2.1-cp38-cp38-win32.whl", hash = "sha256:1b13e654a55cd45672cb54ed12148cd33628f672548f373963b0bff67b217328"},
    {file = "backports.zoneinfo-0.2.1-cp38-cp38-win_amd64.whl", hash = "sha256:4a0f800587060bf8880f954dbef70de6c11bbe59c673c3d818921f042f9954a6"},
    {file = "backports.zoneinfo-0.2.1.tar.gz", hash = "sha256:fadbfe37f74051d024037f223b8e001611eac868b5c5b06144ef4d8b799862f2"},
]
certifi = [
    {file = "certifi-2022.6.15-py3-none-any.whl", hash = "sha256:fe86415d55e84719d75f8b69414f6438ac3547d2078ab91b67e779ef69378412"},
    {file = "certifi-2022.6.15.tar.gz", hash = "sha256:84c85a9078b11105f04f3036a9482ae10e4621616db313fe045dd24743a0820d"},
]
charset-normalizer = [
    {file = "charset-normalizer-2.1.0.tar.gz", hash = "sha256:575e708016ff3a5e3681541cb9d79312c416835686d054a23accb873b254f413"},
    {file = "charset_normalizer-2.1.0-py3-none-any.whl", hash = "sha256:5189b6f22b01957427f35b6a08d9a0bc45b46d3788ef5a92e978433c7a35f8a5"},
]
django = [
    {file = "Django-4.0.7-py3-none-any.whl", hash = "sha256:41bd65a9e5f8a89cdbfa7a7bba45cd7431ae89e750af82dea8a35fd1a7ecbe66"},
    {file = "Django-4.0.7.tar.gz", hash = "sha256:9c6d5ad36be798e562ddcaa6b17b1c3ff2d3c4f529a47432b69fb9a30f847461"},
]
idna = [
    {file = "idna-3.3-py3-none-any.whl", hash = "sha256:84d9dd047ffa80596e0f246e2eab0b391788b0503584e8945f2368256d2735ff"},
    {file = "idna-3.3.tar.gz", hash = "sha256:9d643ff0a55b762d5cdb124b8eaa99c66322e2157b69160bc32796e824360e6d"},
]
libhoney = []
requests = [
    {file = "requests-2.28.1-py3-none-any.whl", hash = "sha256:8fefa2a1a1365bf5520aac41836fbee479da67864514bdb821f31ce07ce65349"},
    {file = "requests-2.28.1.tar.gz", hash = "sha256:7c5599b102feddaa661c826c56ab4fee28bfd17f5abca1ebbe3e7f19d7c97983"},
]
sqlparse = [
    {file = "sqlparse-0.4.2-py3-none-any.whl", hash = "sha256:48719e356bb8b42991bdbb1e8b83223757b93789c00910a616a071910ca4a64d"},
    {file = "sqlparse-0.4.2.tar.gz", hash = "sha256:0c00730c74263a94e5a9919ade150dfc3b19c574389985446148402998287dae"},
]
statsd = [
    {file = "statsd-3.3.0-py2.py3-none-any.whl", hash = "sha256:c610fb80347fca0ef62666d241bce64184bd7cc1efe582f9690e045c25535eaa"},
    {file = "statsd-3.3.0.tar.gz", hash = "sha256:e3e6db4c246f7c59003e51c9720a51a7f39a396541cb9b147ff4b14d15b5dd1f"},
]
tzdata = [
    {file = "tzdata-2022.1-py2.py3-none-any.whl", hash = "sha256:238e70234214138ed7b4e8a0fab0e5e13872edab3be586ab8198c407620e2ab9"},
    {file = "tzdata-2022.1.tar.gz", hash = "sha256:8b536a8ec63dc0751342b3984193a3118f8fca2afe25752bb9b7fffd398552d3"},
]
urllib3 = [
    {file = "urllib3-1.26.10-py2.py3-none-any.whl", hash = "sha256:8298d6d56d39be0e3bc13c1c97d133f9b45d797169a0e11cdd0e0489d786f7ec"},
    {file = "urllib3-1.26.10.tar.gz", hash = "sha256:879ba4d1e89654d9769ce13121e0f94310ea32e8d2f8cf587b77c08bbcdb30d6"},
]
